
Microsoft Visual Studio Solution File, Format Version 12.00
# Visual Studio Version 17
VisualStudioVersion = 17.14.36414.22
MinimumVisualStudioVersion = 10.0.40219.1
Project("{FAE04EC0-301F-11D3-BF4B-00C04F79EFBC}") = "ConsoleRPGAdventure", "ConsoleRPGAdventure.csproj", "{2A4FE9FF-5BC7-4A3F-8719-E0B750B74956}"
EndProject
Global
	GlobalSection(SolutionConfigurationPlatforms) = preSolution
		Debug|Any CPU = Debug|Any CPU
		Release|Any CPU = Release|Any CPU
	EndGlobalSection
	GlobalSection(ProjectConfigurationPlatforms) = postSolution
		{2A4FE9FF-5BC7-4A3F-8719-E0B750B74956}.Debug|Any CPU.ActiveCfg = Debug|Any CPU
		{2A4FE9FF-5BC7-4A3F-8719-E0B750B74956}.Debug|Any CPU.Build.0 = Debug|Any CPU
		{2A4FE9FF-5BC7-4A3F-8719-E0B750B74956}.Release|Any CPU.ActiveCfg = Release|Any CPU
		{2A4FE9FF-5BC7-4A3F-8719-E0B750B74956}.Release|Any CPU.Build.0 = Release|Any CPU
	EndGlobalSection
	GlobalSection(SolutionProperties) = preSolution
		HideSolutionNode = FALSE
	EndGlobalSection
	GlobalSection(ExtensibilityGlobals) = postSolution
		SolutionGuid = {669A8810-A551-49B5-BB45-EE841326CA4B}
	EndGlobalSection
EndGlobal
